// !$*UTF8*$!
{
	archiveVersion = 1;
	classes = {
	};
	objectVersion = 46;
	objects = {

/* Begin PBXBuildFile section */
		6B7CA3F51C92B84300A5E196 /* AppDelegate.m in Sources */ = {isa = PBXBuildFile; fileRef = 6B7CA3E11C92B84300A5E196 /* AppDelegate.m */; };
		6B7CA3F61C92B84300A5E196 /* Assets.xcassets in Resources */ = {isa = PBXBuildFile; fileRef = 6B7CA3E21C92B84300A5E196 /* Assets.xcassets */; };
		6B7CA3F71C92B84300A5E196 /* LaunchScreen.storyboard in Resources */ = {isa = PBXBuildFile; fileRef = 6B7CA3E31C92B84300A5E196 /* LaunchScreen.storyboard */; };
		6B7CA3F81C92B84300A5E196 /* Main.storyboard in Resources */ = {isa = PBXBuildFile; fileRef = 6B7CA3E51C92B84300A5E196 /* Main.storyboard */; };
		6B7CA3F91C92B84300A5E196 /* DRBackgroundView.m in Sources */ = {isa = PBXBuildFile; fileRef = 6B7CA3EB1C92B84300A5E196 /* DRBackgroundView.m */; };
		6B7CA3FA1C92B84300A5E196 /* DRBaseModalNib.m in Sources */ = {isa = PBXBuildFile; fileRef = 6B7CA3EE1C92B84300A5E196 /* DRBaseModalNib.m */; };
		6B7CA3FB1C92B84300A5E196 /* DRViewController.m in Sources */ = {isa = PBXBuildFile; fileRef = 6B7CA3F21C92B84300A5E196 /* DRViewController.m */; };
		6B7CA3FC1C92B84300A5E196 /* Info.plist in Resources */ = {isa = PBXBuildFile; fileRef = 6B7CA3F31C92B84300A5E196 /* Info.plist */; };
		6B7CA3FD1C92B84300A5E196 /* main.m in Sources */ = {isa = PBXBuildFile; fileRef = 6B7CA3F41C92B84300A5E196 /* main.m */; };
/* End PBXBuildFile section */

/* Begin PBXFileReference section */
		6B4BCA9E1C91D94900D35D40 /* ModalVIewExample.app */ = {isa = PBXFileReference; explicitFileType = wrapper.application; includeInIndex = 0; path = ModalVIewExample.app; sourceTree = BUILT_PRODUCTS_DIR; };
		6B7CA3E01C92B84300A5E196 /* AppDelegate.h */ = {isa = PBXFileReference; fileEncoding = 4; lastKnownFileType = sourcecode.c.h; path = AppDelegate.h; sourceTree = "<group>"; };
		6B7CA3E11C92B84300A5E196 /* AppDelegate.m */ = {isa = PBXFileReference; fileEncoding = 4; lastKnownFileType = sourcecode.c.objc; path = AppDelegate.m; sourceTree = "<group>"; };
		6B7CA3E21C92B84300A5E196 /* Assets.xcassets */ = {isa = PBXFileReference; lastKnownFileType = folder.assetcatalog; path = Assets.xcassets; sourceTree = "<group>"; };
		6B7CA3E41C92B84300A5E196 /* Base */ = {isa = PBXFileReference; lastKnownFileType = file.storyboard; name = Base; path = Base.lproj/LaunchScreen.storyboard; sourceTree = "<group>"; };
		6B7CA3E61C92B84300A5E196 /* Base */ = {isa = PBXFileReference; lastKnownFileType = file.storyboard; name = Base; path = Base.lproj/Main.storyboard; sourceTree = "<group>"; };
		6B7CA3EA1C92B84300A5E196 /* DRBackgroundView.h */ = {isa = PBXFileReference; fileEncoding = 4; lastKnownFileType = sourcecode.c.h; path = DRBackgroundView.h; sourceTree = "<group>"; };
		6B7CA3EB1C92B84300A5E196 /* DRBackgroundView.m */ = {isa = PBXFileReference; fileEncoding = 4; lastKnownFileType = sourcecode.c.objc; path = DRBackgroundView.m; sourceTree = "<group>"; };
		6B7CA3ED1C92B84300A5E196 /* DRBaseModalNib.h */ = {isa = PBXFileReference; fileEncoding = 4; lastKnownFileType = sourcecode.c.h; path = DRBaseModalNib.h; sourceTree = "<group>"; };
		6B7CA3EE1C92B84300A5E196 /* DRBaseModalNib.m */ = {isa = PBXFileReference; fileEncoding = 4; lastKnownFileType = sourcecode.c.objc; path = DRBaseModalNib.m; sourceTree = "<group>"; };
		6B7CA3F11C92B84300A5E196 /* DRViewController.h */ = {isa = PBXFileReference; fileEncoding = 4; lastKnownFileType = sourcecode.c.h; path = DRViewController.h; sourceTree = "<group>"; };
		6B7CA3F21C92B84300A5E196 /* DRViewController.m */ = {isa = PBXFileReference; fileEncoding = 4; lastKnownFileType = sourcecode.c.objc; path = DRViewController.m; sourceTree = "<group>"; };
		6B7CA3F31C92B84300A5E196 /* Info.plist */ = {isa = PBXFileReference; fileEncoding = 4; lastKnownFileType = text.plist.xml; path = Info.plist; sourceTree = "<group>"; };
		6B7CA3F41C92B84300A5E196 /* main.m */ = {isa = PBXFileReference; fileEncoding = 4; lastKnownFileType = sourcecode.c.objc; path = main.m; sourceTree = "<group>"; };
/* End PBXFileReference section */

/* Begin PBXFrameworksBuildPhase section */
		6B4BCA9B1C91D94900D35D40 /* Frameworks */ = {
			isa = PBXFrameworksBuildPhase;
			buildActionMask = 2147483647;
			files = (
			);
			runOnlyForDeploymentPostprocessing = 0;
		};
/* End PBXFrameworksBuildPhase section */

/* Begin PBXGroup section */
		6B4BCA951C91D94900D35D40 = {
			isa = PBXGroup;
			children = (
				6B7CA3DF1C92B84300A5E196 /* ModalNib */,
				6B4BCA9F1C91D94900D35D40 /* Products */,
			);
			sourceTree = "<group>";
		};
		6B4BCA9F1C91D94900D35D40 /* Products */ = {
			isa = PBXGroup;
			children = (
				6B4BCA9E1C91D94900D35D40 /* ModalVIewExample.app */,
			);
			name = Products;
			sourceTree = "<group>";
		};
		6B7CA3DF1C92B84300A5E196 /* ModalNib */ = {
			isa = PBXGroup;
			children = (
				6B7CA3E01C92B84300A5E196 /* AppDelegate.h */,
				6B7CA3E11C92B84300A5E196 /* AppDelegate.m */,
				6B7CA3E21C92B84300A5E196 /* Assets.xcassets */,
				6B7CA3E31C92B84300A5E196 /* LaunchScreen.storyboard */,
				6B7CA3E51C92B84300A5E196 /* Main.storyboard */,
				6B7CA3E71C92B84300A5E196 /* Code */,
				6B7CA3EF1C92B84300A5E196 /* Example */,
				6B7CA3F31C92B84300A5E196 /* Info.plist */,
				6B7CA3F41C92B84300A5E196 /* main.m */,
			);
			path = ModalNib;
			sourceTree = "<group>";
		};
		6B7CA3E71C92B84300A5E196 /* Code */ = {
			isa = PBXGroup;
			children = (
				6B7CA3E81C92B84300A5E196 /* BaseModal */,
			);
			path = Code;
			sourceTree = "<group>";
		};
		6B7CA3E81C92B84300A5E196 /* BaseModal */ = {
			isa = PBXGroup;
			children = (
				6B7CA3E91C92B84300A5E196 /* BackgroundView */,
				6B7CA3EC1C92B84300A5E196 /* BaseModalNib */,
			);
			path = BaseModal;
			sourceTree = "<group>";
		};
		6B7CA3E91C92B84300A5E196 /* BackgroundView */ = {
			isa = PBXGroup;
			children = (
				6B7CA3EA1C92B84300A5E196 /* DRBackgroundView.h */,
				6B7CA3EB1C92B84300A5E196 /* DRBackgroundView.m */,
			);
			path = BackgroundView;
			sourceTree = "<group>";
		};
		6B7CA3EC1C92B84300A5E196 /* BaseModalNib */ = {
			isa = PBXGroup;
			children = (
				6B7CA3ED1C92B84300A5E196 /* DRBaseModalNib.h */,
				6B7CA3EE1C92B84300A5E196 /* DRBaseModalNib.m */,
			);
			path = BaseModalNib;
			sourceTree = "<group>";
		};
		6B7CA3EF1C92B84300A5E196 /* Example */ = {
			isa = PBXGroup;
			children = (
				6B7CA3F01C92B84300A5E196 /* Controllers */,
			);
			path = Example;
			sourceTree = "<group>";
		};
		6B7CA3F01C92B84300A5E196 /* Controllers */ = {
			isa = PBXGroup;
			children = (
				6B7CA3F11C92B84300A5E196 /* DRViewController.h */,
				6B7CA3F21C92B84300A5E196 /* DRViewController.m */,
			);
			path = Controllers;
			sourceTree = "<group>";
		};
/* End PBXGroup section */

/* Begin PBXNativeTarget section */
		6B4BCA9D1C91D94900D35D40 /* ModalVIewExample */ = {
			isa = PBXNativeTarget;
			buildConfigurationList = 6B4BCAB51C91D94900D35D40 /* Build configuration list for PBXNativeTarget "ModalVIewExample" */;
			buildPhases = (
				6B4BCA9A1C91D94900D35D40 /* Sources */,
				6B4BCA9B1C91D94900D35D40 /* Frameworks */,
				6B4BCA9C1C91D94900D35D40 /* Resources */,
			);
			buildRules = (
			);
			dependencies = (
			);
			name = ModalVIewExample;
			productName = ModalVIewExample;
			productReference = 6B4BCA9E1C91D94900D35D40 /* ModalVIewExample.app */;
			productType = "com.apple.product-type.application";
		};
/* End PBXNativeTarget section */

/* Begin PBXProject section */
		6B4BCA961C91D94900D35D40 /* Project object */ = {
			isa = PBXProject;
			attributes = {
				LastUpgradeCheck = 0720;
				ORGANIZATIONNAME = "Denis Romashow";
				TargetAttributes = {
					6B4BCA9D1C91D94900D35D40 = {
						CreatedOnToolsVersion = 7.2.1;
					};
				};
			};
			buildConfigurationList = 6B4BCA991C91D94900D35D40 /* Build configuration list for PBXProject "ModalVIewExample" */;
			compatibilityVersion = "Xcode 3.2";
			developmentRegion = English;
			hasScannedForEncodings = 0;
			knownRegions = (
				en,
				Base,
			);
			mainGroup = 6B4BCA951C91D94900D35D40;
			productRefGroup = 6B4BCA9F1C91D94900D35D40 /* Products */;
			projectDirPath = "";
			projectRoot = "";
			targets = (
				6B4BCA9D1C91D94900D35D40 /* ModalVIewExample */,
			);
		};
/* End PBXProject section */

/* Begin PBXResourcesBuildPhase section */
		6B4BCA9C1C91D94900D35D40 /* Resources */ = {
			isa = PBXResourcesBuildPhase;
			buildActionMask = 2147483647;
			files = (
				6B7CA3F61C92B84300A5E196 /* Assets.xcassets in Resources */,
				6B7CA3F81C92B84300A5E196 /* Main.storyboard in Resources */,
				6B7CA3F71C92B84300A5E196 /* LaunchScreen.storyboard in Resources */,
				6B7CA3FC1C92B84300A5E196 /* Info.plist in Resources */,
			);
			runOnlyForDeploymentPostprocessing = 0;
		};
/* End PBXResourcesBuildPhase section */

/* Begin PBXSourcesBuildPhase section */
		6B4BCA9A1C91D94900D35D40 /* Sources */ = {
			isa = PBXSourcesBuildPhase;
			buildActionMask = 2147483647;
			files = (
				6B7CA3FD1C92B84300A5E196 /* main.m in Sources */,
				6B7CA3FB1C92B84300A5E196 /* DRViewController.m in Sources */,
				6B7CA3FA1C92B84300A5E196 /* DRBaseModalNib.m in Sources */,
				6B7CA3F51C92B84300A5E196 /* AppDelegate.m in Sources */,
				6B7CA3F91C92B84300A5E196 /* DRBackgroundView.m in Sources */,
			);
			runOnlyForDeploymentPostprocessing = 0;
		};
/* End PBXSourcesBuildPhase section */

/* Begin PBXVariantGroup section */
		6B7CA3E31C92B84300A5E196 /* LaunchScreen.storyboard */ = {
			isa = PBXVariantGroup;
			children = (
				6B7CA3E41C92B84300A5E196 /* Base */,
			);
			name = LaunchScreen.storyboard;
			sourceTree = "<group>";
		};
		6B7CA3E51C92B84300A5E196 /* Main.storyboard */ = {
			isa = PBXVariantGroup;
			children = (
				6B7CA3E61C92B84300A5E196 /* Base */,
			);
			name = Main.storyboard;
			sourceTree = "<group>";
		};
/* End PBXVariantGroup section */

/* Begin XCBuildConfiguration section */
		6B4BCAB31C91D94900D35D40 /* Debug */ = {
			isa = XCBuildConfiguration;
			buildSettings = {
				ALWAYS_SEARCH_USER_PATHS = NO;
				CLANG_CXX_LANGUAGE_STANDARD = "gnu++0x";
				CLANG_CXX_LIBRARY = "libc++";
				CLANG_ENABLE_MODULES = YES;
				CLANG_ENABLE_OBJC_ARC = YES;
				CLANG_WARN_BOOL_CONVERSION = YES;
				CLANG_WARN_CONSTANT_CONVERSION = YES;
				CLANG_WARN_DIRECT_OBJC_ISA_USAGE = YES_ERROR;
				CLANG_WARN_EMPTY_BODY = YES;
				CLANG_WARN_ENUM_CONVERSION = YES;
				CLANG_WARN_INT_CONVERSION = YES;
				CLANG_WARN_OBJC_ROOT_CLASS = YES_ERROR;
				CLANG_WARN_UNREACHABLE_CODE = YES;
				CLANG_WARN__DUPLICATE_METHOD_MATCH = YES;
				"CODE_SIGN_IDENTITY[sdk=iphoneos*]" = "iPhone Developer";
				COPY_PHASE_STRIP = NO;
				DEBUG_INFORMATION_FORMAT = dwarf;
				ENABLE_STRICT_OBJC_MSGSEND = YES;
				ENABLE_TESTABILITY = YES;
				GCC_C_LANGUAGE_STANDARD = gnu99;
				GCC_DYNAMIC_NO_PIC = NO;
				GCC_NO_COMMON_BLOCKS = YES;
				GCC_OPTIMIZATION_LEVEL = 0;
				GCC_PREPROCESSOR_DEFINITIONS = (
					"DEBUG=1",
					"$(inherited)",
				);
				GCC_WARN_64_TO_32_BIT_CONVERSION = YES;
				GCC_WARN_ABOUT_RETURN_TYPE = YES_ERROR;
				GCC_WARN_UNDECLARED_SELECTOR = YES;
				GCC_WARN_UNINITIALIZED_AUTOS = YES_AGGRESSIVE;
				GCC_WARN_UNUSED_FUNCTION = YES;
				GCC_WARN_UNUSED_VARIABLE = YES;
				IPHONEOS_DEPLOYMENT_TARGET = 9.2;
				MTL_ENABLE_DEBUG_INFO = YES;
				ONLY_ACTIVE_ARCH = YES;
				SDKROOT = iphoneos;
				TARGETED_DEVICE_FAMILY = "1,2";
			};
			name = Debug;
		};
		6B4BCAB41C91D94900D35D40 /* Release */ = {
			isa = XCBuildConfiguration;
			buildSettings = {
				ALWAYS_SEARCH_USER_PATHS = NO;
				CLANG_CXX_LANGUAGE_STANDARD = "gnu++0x";
				CLANG_CXX_LIBRARY = "libc++";
				CLANG_ENABLE_MODULES = YES;
				CLANG_ENABLE_OBJC_ARC = YES;
				CLANG_WARN_BOOL_CONVERSION = YES;
				CLANG_WARN_CONSTANT_CONVERSION = YES;
				CLANG_WARN_DIRECT_OBJC_ISA_USAGE = YES_ERROR;
				CLANG_WARN_EMPTY_BODY = YES;
				CLANG_WARN_ENUM_CONVERSION = YES;
				CLANG_WARN_INT_CONVERSION = YES;
				CLANG_WARN_OBJC_ROOT_CLASS = YES_ERROR;
				CLANG_WARN_UNREACHABLE_CODE = YES;
				CLANG_WARN__DUPLICATE_METHOD_MATCH = YES;
				"CODE_SIGN_IDENTITY[sdk=iphoneos*]" = "iPhone Developer";
				COPY_PHASE_STRIP = NO;
				DEBUG_INFORMATION_FORMAT = "dwarf-with-dsym";
				ENABLE_NS_ASSERTIONS = NO;
				ENABLE_STRICT_OBJC_MSGSEND = YES;
				GCC_C_LANGUAGE_STANDARD = gnu99;
				GCC_NO_COMMON_BLOCKS = YES;
				GCC_WARN_64_TO_32_BIT_CONVERSION = YES;
				GCC_WARN_ABOUT_RETURN_TYPE = YES_ERROR;
				GCC_WARN_UNDECLARED_SELECTOR = YES;
				GCC_WARN_UNINITIALIZED_AUTOS = YES_AGGRESSIVE;
				GCC_WARN_UNUSED_FUNCTION = YES;
				GCC_WARN_UNUSED_VARIABLE = YES;
				IPHONEOS_DEPLOYMENT_TARGET = 9.2;
				MTL_ENABLE_DEBUG_INFO = NO;
				SDKROOT = iphoneos;
				TARGETED_DEVICE_FAMILY = "1,2";
				VALIDATE_PRODUCT = YES;
			};
			name = Release;
		};
		6B4BCAB61C91D94900D35D40 /* Debug */ = {
			isa = XCBuildConfiguration;
			buildSettings = {
				ASSETCATALOG_COMPILER_APPICON_NAME = AppIcon;
				INFOPLIST_FILE = ModalNib/Info.plist;
				LD_RUNPATH_SEARCH_PATHS = "$(inherited) @executable_path/Frameworks";
				PRODUCT_BUNDLE_IDENTIFIER = HOME.ModalVIewExample;
				PRODUCT_NAME = "$(TARGET_NAME)";
			};
			name = Debug;
		};
		6B4BCAB71C91D94900D35D40 /* Release */ = {
			isa = XCBuildConfiguration;
			buildSettings = {
				ASSETCATALOG_COMPILER_APPICON_NAME = AppIcon;
				INFOPLIST_FILE = ModalNib/Info.plist;
				LD_RUNPATH_SEARCH_PATHS = "$(inherited) @executable_path/Frameworks";
				PRODUCT_BUNDLE_IDENTIFIER = HOME.ModalVIewExample;
				PRODUCT_NAME = "$(TARGET_NAME)";
			};
			name = Release;
		};
/* End XCBuildConfiguration section */

/* Begin XCConfigurationList section */
		6B4BCA991C91D94900D35D40 /* Build configuration list for PBXProject "ModalVIewExample" */ = {
			isa = XCConfigurationList;
			buildConfigurations = (
				6B4BCAB31C91D94900D35D40 /* Debug */,
				6B4BCAB41C91D94900D35D40 /* Release */,
			);
			defaultConfigurationIsVisible = 0;
			defaultConfigurationName = Release;
		};
		6B4BCAB51C91D94900D35D40 /* Build configuration list for PBXNativeTarget "ModalVIewExample" */ = {
			isa = XCConfigurationList;
			buildConfigurations = (
				6B4BCAB61C91D94900D35D40 /* Debug */,
				6B4BCAB71C91D94900D35D40 /* Release */,
			);
			defaultConfigurationIsVisible = 0;
			defaultConfigurationName = Release;
		};
/* End XCConfigurationList section */
	};
	rootObject = 6B4BCA961C91D94900D35D40 /* Project object */;
}
