// !$*UTF8*$!
{
	archiveVersion = 1;
	classes = {
	};
	objectVersion = 48;
	objects = {

/* Begin PBXBuildFile section */
		6B33A22B1F6F3C2D0029378E /* AppDelegate.swift in Sources */ = {isa = PBXBuildFile; fileRef = 6B33A22A1F6F3C2D0029378E /* AppDelegate.swift */; };
		6B33A22D1F6F3C2D0029378E /* ViewController.swift in Sources */ = {isa = PBXBuildFile; fileRef = 6B33A22C1F6F3C2D0029378E /* ViewController.swift */; };
		6B33A2301F6F3C2D0029378E /* Main.storyboard in Resources */ = {isa = PBXBuildFile; fileRef = 6B33A22E1F6F3C2D0029378E /* Main.storyboard */; };
		6B33A2321F6F3C2D0029378E /* Assets.xcassets in Resources */ = {isa = PBXBuildFile; fileRef = 6B33A2311F6F3C2D0029378E /* Assets.xcassets */; };
		6B33A2351F6F3C2D0029378E /* LaunchScreen.storyboard in Resources */ = {isa = PBXBuildFile; fileRef = 6B33A2331F6F3C2D0029378E /* LaunchScreen.storyboard */; };
		6B33A24E1F6F3EFF0029378E /* ModalView.swift in Sources */ = {isa = PBXBuildFile; fileRef = 6B33A24D1F6F3EFF0029378E /* ModalView.swift */; };
		6B33A2501F6F3F070029378E /* ModalView.xib in Resources */ = {isa = PBXBuildFile; fileRef = 6B33A24F1F6F3F070029378E /* ModalView.xib */; };
		6B33A2511F6F423E0029378E /* DRBaseModalNib.m in Sources */ = {isa = PBXBuildFile; fileRef = 6B33A24B1F6F3E6F0029378E /* DRBaseModalNib.m */; };
		6B33A2521F6F42430029378E /* DRBackgroundView.m in Sources */ = {isa = PBXBuildFile; fileRef = 6B33A2481F6F3E630029378E /* DRBackgroundView.m */; };
/* End PBXBuildFile section */

/* Begin PBXFileReference section */
		6B33A2271F6F3C2D0029378E /* ModalView.app */ = {isa = PBXFileReference; explicitFileType = wrapper.application; includeInIndex = 0; path = ModalView.app; sourceTree = BUILT_PRODUCTS_DIR; };
		6B33A22A1F6F3C2D0029378E /* AppDelegate.swift */ = {isa = PBXFileReference; lastKnownFileType = sourcecode.swift; path = AppDelegate.swift; sourceTree = "<group>"; };
		6B33A22C1F6F3C2D0029378E /* ViewController.swift */ = {isa = PBXFileReference; lastKnownFileType = sourcecode.swift; path = ViewController.swift; sourceTree = "<group>"; };
		6B33A22F1F6F3C2D0029378E /* Base */ = {isa = PBXFileReference; lastKnownFileType = file.storyboard; name = Base; path = Base.lproj/Main.storyboard; sourceTree = "<group>"; };
		6B33A2311F6F3C2D0029378E /* Assets.xcassets */ = {isa = PBXFileReference; lastKnownFileType = folder.assetcatalog; path = Assets.xcassets; sourceTree = "<group>"; };
		6B33A2341F6F3C2D0029378E /* Base */ = {isa = PBXFileReference; lastKnownFileType = file.storyboard; name = Base; path = Base.lproj/LaunchScreen.storyboard; sourceTree = "<group>"; };
		6B33A2361F6F3C2D0029378E /* Info.plist */ = {isa = PBXFileReference; lastKnownFileType = text.plist.xml; path = Info.plist; sourceTree = "<group>"; };
		6B33A2471F6F3E620029378E /* ModalView-Bridging-Header.h */ = {isa = PBXFileReference; lastKnownFileType = sourcecode.c.h; path = "ModalView-Bridging-Header.h"; sourceTree = "<group>"; };
		6B33A2481F6F3E630029378E /* DRBackgroundView.m */ = {isa = PBXFileReference; lastKnownFileType = sourcecode.c.objc; path = DRBackgroundView.m; sourceTree = "<group>"; };
		6B33A2491F6F3E630029378E /* DRBackgroundView.h */ = {isa = PBXFileReference; lastKnownFileType = sourcecode.c.h; path = DRBackgroundView.h; sourceTree = "<group>"; };
		6B33A24A1F6F3E6F0029378E /* DRBaseModalNib.h */ = {isa = PBXFileReference; lastKnownFileType = sourcecode.c.h; path = DRBaseModalNib.h; sourceTree = "<group>"; };
		6B33A24B1F6F3E6F0029378E /* DRBaseModalNib.m */ = {isa = PBXFileReference; lastKnownFileType = sourcecode.c.objc; path = DRBaseModalNib.m; sourceTree = "<group>"; };
		6B33A24D1F6F3EFF0029378E /* ModalView.swift */ = {isa = PBXFileReference; lastKnownFileType = sourcecode.swift; path = ModalView.swift; sourceTree = "<group>"; };
		6B33A24F1F6F3F070029378E /* ModalView.xib */ = {isa = PBXFileReference; lastKnownFileType = file.xib; path = ModalView.xib; sourceTree = "<group>"; };
/* End PBXFileReference section */

/* Begin PBXFrameworksBuildPhase section */
		6B33A2241F6F3C2D0029378E /* Frameworks */ = {
			isa = PBXFrameworksBuildPhase;
			buildActionMask = 2147483647;
			files = (
			);
			runOnlyForDeploymentPostprocessing = 0;
		};
/* End PBXFrameworksBuildPhase section */

/* Begin PBXGroup section */
		6B33A21E1F6F3C2D0029378E = {
			isa = PBXGroup;
			children = (
				6B33A2291F6F3C2D0029378E /* ModalView */,
				6B33A2281F6F3C2D0029378E /* Products */,
			);
			sourceTree = "<group>";
		};
		6B33A2281F6F3C2D0029378E /* Products */ = {
			isa = PBXGroup;
			children = (
				6B33A2271F6F3C2D0029378E /* ModalView.app */,
			);
			name = Products;
			sourceTree = "<group>";
		};
		6B33A2291F6F3C2D0029378E /* ModalView */ = {
			isa = PBXGroup;
			children = (
				6B33A2451F6F3DAC0029378E /* Example */,
				6B33A23C1F6F3C3B0029378E /* Code */,
				6B33A22A1F6F3C2D0029378E /* AppDelegate.swift */,
				6B33A22C1F6F3C2D0029378E /* ViewController.swift */,
				6B33A22E1F6F3C2D0029378E /* Main.storyboard */,
				6B33A2311F6F3C2D0029378E /* Assets.xcassets */,
				6B33A2331F6F3C2D0029378E /* LaunchScreen.storyboard */,
				6B33A2361F6F3C2D0029378E /* Info.plist */,
			);
			path = ModalView;
			sourceTree = "<group>";
		};
		6B33A23C1F6F3C3B0029378E /* Code */ = {
			isa = PBXGroup;
			children = (
				6B33A23D1F6F3C430029378E /* DRBaseModalNib */,
			);
			path = Code;
			sourceTree = "<group>";
		};
		6B33A23D1F6F3C430029378E /* DRBaseModalNib */ = {
			isa = PBXGroup;
			children = (
				6B33A23E1F6F3C430029378E /* BaseModalNib */,
				6B33A2411F6F3C430029378E /* BackgroundView */,
			);
			path = DRBaseModalNib;
			sourceTree = "<group>";
		};
		6B33A23E1F6F3C430029378E /* BaseModalNib */ = {
			isa = PBXGroup;
			children = (
				6B33A24A1F6F3E6F0029378E /* DRBaseModalNib.h */,
				6B33A24B1F6F3E6F0029378E /* DRBaseModalNib.m */,
			);
			path = BaseModalNib;
			sourceTree = "<group>";
		};
		6B33A2411F6F3C430029378E /* BackgroundView */ = {
			isa = PBXGroup;
			children = (
				6B33A2491F6F3E630029378E /* DRBackgroundView.h */,
				6B33A2481F6F3E630029378E /* DRBackgroundView.m */,
				6B33A2471F6F3E620029378E /* ModalView-Bridging-Header.h */,
			);
			path = BackgroundView;
			sourceTree = "<group>";
		};
		6B33A2451F6F3DAC0029378E /* Example */ = {
			isa = PBXGroup;
			children = (
				6B33A2461F6F3DAC0029378E /* Views */,
			);
			path = Example;
			sourceTree = "<group>";
		};
		6B33A2461F6F3DAC0029378E /* Views */ = {
			isa = PBXGroup;
			children = (
				6B33A24C1F6F3EE70029378E /* ModalView */,
			);
			path = Views;
			sourceTree = "<group>";
		};
		6B33A24C1F6F3EE70029378E /* ModalView */ = {
			isa = PBXGroup;
			children = (
				6B33A24D1F6F3EFF0029378E /* ModalView.swift */,
				6B33A24F1F6F3F070029378E /* ModalView.xib */,
			);
			path = ModalView;
			sourceTree = "<group>";
		};
/* End PBXGroup section */

/* Begin PBXNativeTarget section */
		6B33A2261F6F3C2D0029378E /* ModalView */ = {
			isa = PBXNativeTarget;
			buildConfigurationList = 6B33A2391F6F3C2D0029378E /* Build configuration list for PBXNativeTarget "ModalView" */;
			buildPhases = (
				6B33A2231F6F3C2D0029378E /* Sources */,
				6B33A2241F6F3C2D0029378E /* Frameworks */,
				6B33A2251F6F3C2D0029378E /* Resources */,
			);
			buildRules = (
			);
			dependencies = (
			);
			name = ModalView;
			productName = ModalView;
			productReference = 6B33A2271F6F3C2D0029378E /* ModalView.app */;
			productType = "com.apple.product-type.application";
		};
/* End PBXNativeTarget section */

/* Begin PBXProject section */
		6B33A21F1F6F3C2D0029378E /* Project object */ = {
			isa = PBXProject;
			attributes = {
				LastSwiftUpdateCheck = 0900;
				LastUpgradeCheck = 0900;
				ORGANIZATIONNAME = "Denis Romashov";
				TargetAttributes = {
					6B33A2261F6F3C2D0029378E = {
						CreatedOnToolsVersion = 9.0;
						LastSwiftMigration = 0900;
						ProvisioningStyle = Automatic;
					};
				};
			};
			buildConfigurationList = 6B33A2221F6F3C2D0029378E /* Build configuration list for PBXProject "ModalView" */;
			compatibilityVersion = "Xcode 8.0";
			developmentRegion = en;
			hasScannedForEncodings = 0;
			knownRegions = (
				en,
				Base,
			);
			mainGroup = 6B33A21E1F6F3C2D0029378E;
			productRefGroup = 6B33A2281F6F3C2D0029378E /* Products */;
			projectDirPath = "";
			projectRoot = "";
			targets = (
				6B33A2261F6F3C2D0029378E /* ModalView */,
			);
		};
/* End PBXProject section */

/* Begin PBXResourcesBuildPhase section */
		6B33A2251F6F3C2D0029378E /* Resources */ = {
			isa = PBXResourcesBuildPhase;
			buildActionMask = 2147483647;
			files = (
				6B33A2351F6F3C2D0029378E /* LaunchScreen.storyboard in Resources */,
				6B33A2321F6F3C2D0029378E /* Assets.xcassets in Resources */,
				6B33A2501F6F3F070029378E /* ModalView.xib in Resources */,
				6B33A2301F6F3C2D0029378E /* Main.storyboard in Resources */,
			);
			runOnlyForDeploymentPostprocessing = 0;
		};
/* End PBXResourcesBuildPhase section */

/* Begin PBXSourcesBuildPhase section */
		6B33A2231F6F3C2D0029378E /* Sources */ = {
			isa = PBXSourcesBuildPhase;
			buildActionMask = 2147483647;
			files = (
				6B33A24E1F6F3EFF0029378E /* ModalView.swift in Sources */,
				6B33A22D1F6F3C2D0029378E /* ViewController.swift in Sources */,
				6B33A2511F6F423E0029378E /* DRBaseModalNib.m in Sources */,
				6B33A22B1F6F3C2D0029378E /* AppDelegate.swift in Sources */,
				6B33A2521F6F42430029378E /* DRBackgroundView.m in Sources */,
			);
			runOnlyForDeploymentPostprocessing = 0;
		};
/* End PBXSourcesBuildPhase section */

/* Begin PBXVariantGroup section */
		6B33A22E1F6F3C2D0029378E /* Main.storyboard */ = {
			isa = PBXVariantGroup;
			children = (
				6B33A22F1F6F3C2D0029378E /* Base */,
			);
			name = Main.storyboard;
			sourceTree = "<group>";
		};
		6B33A2331F6F3C2D0029378E /* LaunchScreen.storyboard */ = {
			isa = PBXVariantGroup;
			children = (
				6B33A2341F6F3C2D0029378E /* Base */,
			);
			name = LaunchScreen.storyboard;
			sourceTree = "<group>";
		};
/* End PBXVariantGroup section */

/* Begin XCBuildConfiguration section */
		6B33A2371F6F3C2D0029378E /* Debug */ = {
			isa = XCBuildConfiguration;
			buildSettings = {
				ALWAYS_SEARCH_USER_PATHS = NO;
				CLANG_ANALYZER_NONNULL = YES;
				CLANG_ANALYZER_NUMBER_OBJECT_CONVERSION = YES_AGGRESSIVE;
				CLANG_CXX_LANGUAGE_STANDARD = "gnu++14";
				CLANG_CXX_LIBRARY = "libc++";
				CLANG_ENABLE_MODULES = YES;
				CLANG_ENABLE_OBJC_ARC = YES;
				CLANG_WARN_BLOCK_CAPTURE_AUTORELEASING = YES;
				CLANG_WARN_BOOL_CONVERSION = YES;
				CLANG_WARN_COMMA = YES;
				CLANG_WARN_CONSTANT_CONVERSION = YES;
				CLANG_WARN_DIRECT_OBJC_ISA_USAGE = YES_ERROR;
				CLANG_WARN_DOCUMENTATION_COMMENTS = YES;
				CLANG_WARN_EMPTY_BODY = YES;
				CLANG_WARN_ENUM_CONVERSION = YES;
				CLANG_WARN_INFINITE_RECURSION = YES;
				CLANG_WARN_INT_CONVERSION = YES;
				CLANG_WARN_NON_LITERAL_NULL_CONVERSION = YES;
				CLANG_WARN_OBJC_LITERAL_CONVERSION = YES;
				CLANG_WARN_OBJC_ROOT_CLASS = YES_ERROR;
				CLANG_WARN_RANGE_LOOP_ANALYSIS = YES;
				CLANG_WARN_STRICT_PROTOTYPES = YES;
				CLANG_WARN_SUSPICIOUS_MOVE = YES;
				CLANG_WARN_UNGUARDED_AVAILABILITY = YES_AGGRESSIVE;
				CLANG_WARN_UNREACHABLE_CODE = YES;
				CLANG_WARN__DUPLICATE_METHOD_MATCH = YES;
				CODE_SIGN_IDENTITY = "iPhone Developer";
				COPY_PHASE_STRIP = NO;
				DEBUG_INFORMATION_FORMAT = dwarf;
				ENABLE_STRICT_OBJC_MSGSEND = YES;
				ENABLE_TESTABILITY = YES;
				GCC_C_LANGUAGE_STANDARD = gnu11;
				GCC_DYNAMIC_NO_PIC = NO;
				GCC_NO_COMMON_BLOCKS = YES;
				GCC_OPTIMIZATION_LEVEL = 0;
				GCC_PREPROCESSOR_DEFINITIONS = (
					"DEBUG=1",
					"$(inherited)",
				);
				GCC_WARN_64_TO_32_BIT_CONVERSION = YES;
				GCC_WARN_ABOUT_RETURN_TYPE = YES_ERROR;
				GCC_WARN_UNDECLARED_SELECTOR = YES;
				GCC_WARN_UNINITIALIZED_AUTOS = YES_AGGRESSIVE;
				GCC_WARN_UNUSED_FUNCTION = YES;
				GCC_WARN_UNUSED_VARIABLE = YES;
				IPHONEOS_DEPLOYMENT_TARGET = 11.0;
				MTL_ENABLE_DEBUG_INFO = YES;
				ONLY_ACTIVE_ARCH = YES;
				SDKROOT = iphoneos;
				SWIFT_ACTIVE_COMPILATION_CONDITIONS = DEBUG;
				SWIFT_OPTIMIZATION_LEVEL = "-Onone";
			};
			name = Debug;
		};
		6B33A2381F6F3C2D0029378E /* Release */ = {
			isa = XCBuildConfiguration;
			buildSettings = {
				ALWAYS_SEARCH_USER_PATHS = NO;
				CLANG_ANALYZER_NONNULL = YES;
				CLANG_ANALYZER_NUMBER_OBJECT_CONVERSION = YES_AGGRESSIVE;
				CLANG_CXX_LANGUAGE_STANDARD = "gnu++14";
				CLANG_CXX_LIBRARY = "libc++";
				CLANG_ENABLE_MODULES = YES;
				CLANG_ENABLE_OBJC_ARC = YES;
				CLANG_WARN_BLOCK_CAPTURE_AUTORELEASING = YES;
				CLANG_WARN_BOOL_CONVERSION = YES;
				CLANG_WARN_COMMA = YES;
				CLANG_WARN_CONSTANT_CONVERSION = YES;
				CLANG_WARN_DIRECT_OBJC_ISA_USAGE = YES_ERROR;
				CLANG_WARN_DOCUMENTATION_COMMENTS = YES;
				CLANG_WARN_EMPTY_BODY = YES;
				CLANG_WARN_ENUM_CONVERSION = YES;
				CLANG_WARN_INFINITE_RECURSION = YES;
				CLANG_WARN_INT_CONVERSION = YES;
				CLANG_WARN_NON_LITERAL_NULL_CONVERSION = YES;
				CLANG_WARN_OBJC_LITERAL_CONVERSION = YES;
				CLANG_WARN_OBJC_ROOT_CLASS = YES_ERROR;
				CLANG_WARN_RANGE_LOOP_ANALYSIS = YES;
				CLANG_WARN_STRICT_PROTOTYPES = YES;
				CLANG_WARN_SUSPICIOUS_MOVE = YES;
				CLANG_WARN_UNGUARDED_AVAILABILITY = YES_AGGRESSIVE;
				CLANG_WARN_UNREACHABLE_CODE = YES;
				CLANG_WARN__DUPLICATE_METHOD_MATCH = YES;
				CODE_SIGN_IDENTITY = "iPhone Developer";
				COPY_PHASE_STRIP = NO;
				DEBUG_INFORMATION_FORMAT = "dwarf-with-dsym";
				ENABLE_NS_ASSERTIONS = NO;
				ENABLE_STRICT_OBJC_MSGSEND = YES;
				GCC_C_LANGUAGE_STANDARD = gnu11;
				GCC_NO_COMMON_BLOCKS = YES;
				GCC_WARN_64_TO_32_BIT_CONVERSION = YES;
				GCC_WARN_ABOUT_RETURN_TYPE = YES_ERROR;
				GCC_WARN_UNDECLARED_SELECTOR = YES;
				GCC_WARN_UNINITIALIZED_AUTOS = YES_AGGRESSIVE;
				GCC_WARN_UNUSED_FUNCTION = YES;
				GCC_WARN_UNUSED_VARIABLE = YES;
				IPHONEOS_DEPLOYMENT_TARGET = 11.0;
				MTL_ENABLE_DEBUG_INFO = NO;
				SDKROOT = iphoneos;
				SWIFT_OPTIMIZATION_LEVEL = "-Owholemodule";
				VALIDATE_PRODUCT = YES;
			};
			name = Release;
		};
		6B33A23A1F6F3C2D0029378E /* Debug */ = {
			isa = XCBuildConfiguration;
			buildSettings = {
				ARCHS = "$(ARCHS_STANDARD)";
				ASSETCATALOG_COMPILER_APPICON_NAME = AppIcon;
				CLANG_ENABLE_MODULES = YES;
				CODE_SIGN_STYLE = Automatic;
				DEVELOPMENT_TEAM = 8RWPK85BP9;
				INFOPLIST_FILE = ModalView/Info.plist;
				IPHONEOS_DEPLOYMENT_TARGET = 9.3;
				LD_RUNPATH_SEARCH_PATHS = "$(inherited) @executable_path/Frameworks";
				ONLY_ACTIVE_ARCH = YES;
				OTHER_LDFLAGS = (
					"$(inherited)",
					"-ObjC",
				);
				PRODUCT_BUNDLE_IDENTIFIER = com.denisromashov.ModalView;
				PRODUCT_NAME = "$(TARGET_NAME)";
				SWIFT_OBJC_BRIDGING_HEADER = "ModalView/Code/DRBaseModalNib/BackgroundView/ModalView-Bridging-Header.h";
				SWIFT_OPTIMIZATION_LEVEL = "-Onone";
				SWIFT_VERSION = 4.0;
				TARGETED_DEVICE_FAMILY = "1,2";
				VALID_ARCHS = "armv7s armv7 arm64";
			};
			name = Debug;
		};
		6B33A23B1F6F3C2D0029378E /* Release */ = {
			isa = XCBuildConfiguration;
			buildSettings = {
				ARCHS = "$(ARCHS_STANDARD)";
				ASSETCATALOG_COMPILER_APPICON_NAME = AppIcon;
				CLANG_ENABLE_MODULES = YES;
				CODE_SIGN_STYLE = Automatic;
				DEVELOPMENT_TEAM = 8RWPK85BP9;
				INFOPLIST_FILE = ModalView/Info.plist;
				IPHONEOS_DEPLOYMENT_TARGET = 9.3;
				LD_RUNPATH_SEARCH_PATHS = "$(inherited) @executable_path/Frameworks";
				ONLY_ACTIVE_ARCH = YES;
				OTHER_LDFLAGS = (
					"$(inherited)",
					"-ObjC",
				);
				PRODUCT_BUNDLE_IDENTIFIER = com.denisromashov.ModalView;
				PRODUCT_NAME = "$(TARGET_NAME)";
				SWIFT_OBJC_BRIDGING_HEADER = "ModalView/Code/DRBaseModalNib/BackgroundView/ModalView-Bridging-Header.h";
				SWIFT_VERSION = 4.0;
				TARGETED_DEVICE_FAMILY = "1,2";
				VALID_ARCHS = "armv7s armv7 arm64";
			};
			name = Release;
		};
/* End XCBuildConfiguration section */

/* Begin XCConfigurationList section */
		6B33A2221F6F3C2D0029378E /* Build configuration list for PBXProject "ModalView" */ = {
			isa = XCConfigurationList;
			buildConfigurations = (
				6B33A2371F6F3C2D0029378E /* Debug */,
				6B33A2381F6F3C2D0029378E /* Release */,
			);
			defaultConfigurationIsVisible = 0;
			defaultConfigurationName = Release;
		};
		6B33A2391F6F3C2D0029378E /* Build configuration list for PBXNativeTarget "ModalView" */ = {
			isa = XCConfigurationList;
			buildConfigurations = (
				6B33A23A1F6F3C2D0029378E /* Debug */,
				6B33A23B1F6F3C2D0029378E /* Release */,
			);
			defaultConfigurationIsVisible = 0;
			defaultConfigurationName = Release;
		};
/* End XCConfigurationList section */
	};
	rootObject = 6B33A21F1F6F3C2D0029378E /* Project object */;
}
